
Microsoft Visual Studio Solution File, Format Version 11.00
# Visual Studio 2010
Project("{FAE04EC0-301F-11D3-BF4B-00C04F79EFBC}") = "GitHubFantasyLeague", "GitHubFantasyLeague\GitHubFantasyLeague.csproj", "{D61926F7-CEEB-45B9-B6E5-BDCB39900741}"
EndProject
Project("{FAE04EC0-301F-11D3-BF4B-00C04F79EFBC}") = "GitHubFantasyLeague.Specs", "GitHubFantasyLeague.Specs\GitHubFantasyLeague.Specs.csproj", "{694F00AC-F1EA-4BC7-ADB5-77D5E72AEF7A}"
EndProject
Project("{FAE04EC0-301F-11D3-BF4B-00C04F79EFBC}") = "GitHubFantasyLeague.Tests", "GitHubFantasyLeague.Tests\GitHubFantasyLeague.Tests.csproj", "{9C765DE5-9274-4A88-8A78-F89429D03B73}"
EndProject
Project("{FAE04EC0-301F-11D3-BF4B-00C04F79EFBC}") = "GitHubFantasyLeague.Models", "GitHubFantasyLeague.Models\GitHubFantasyLeague.Models.csproj", "{384B061A-6890-472F-9244-F6F9D567F49D}"
EndProject
Project("{FAE04EC0-301F-11D3-BF4B-00C04F79EFBC}") = "GitHub", "GitHub\GitHub.csproj", "{D92A509F-7584-4E9E-9DC8-1E2B4AED5FF2}"
EndProject
Global
	GlobalSection(SolutionConfigurationPlatforms) = preSolution
		Debug|Any CPU = Debug|Any CPU
		Release|Any CPU = Release|Any CPU
	EndGlobalSection
	GlobalSection(ProjectConfigurationPlatforms) = postSolution
		{D61926F7-CEEB-45B9-B6E5-BDCB39900741}.Debug|Any CPU.ActiveCfg = Debug|Any CPU
		{D61926F7-CEEB-45B9-B6E5-BDCB39900741}.Debug|Any CPU.Build.0 = Debug|Any CPU
		{D61926F7-CEEB-45B9-B6E5-BDCB39900741}.Release|Any CPU.ActiveCfg = Release|Any CPU
		{D61926F7-CEEB-45B9-B6E5-BDCB39900741}.Release|Any CPU.Build.0 = Release|Any CPU
		{694F00AC-F1EA-4BC7-ADB5-77D5E72AEF7A}.Debug|Any CPU.ActiveCfg = Debug|Any CPU
		{694F00AC-F1EA-4BC7-ADB5-77D5E72AEF7A}.Debug|Any CPU.Build.0 = Debug|Any CPU
		{694F00AC-F1EA-4BC7-ADB5-77D5E72AEF7A}.Release|Any CPU.ActiveCfg = Release|Any CPU
		{694F00AC-F1EA-4BC7-ADB5-77D5E72AEF7A}.Release|Any CPU.Build.0 = Release|Any CPU
		{9C765DE5-9274-4A88-8A78-F89429D03B73}.Debug|Any CPU.ActiveCfg = Debug|Any CPU
		{9C765DE5-9274-4A88-8A78-F89429D03B73}.Debug|Any CPU.Build.0 = Debug|Any CPU
		{9C765DE5-9274-4A88-8A78-F89429D03B73}.Release|Any CPU.ActiveCfg = Release|Any CPU
		{9C765DE5-9274-4A88-8A78-F89429D03B73}.Release|Any CPU.Build.0 = Release|Any CPU
		{384B061A-6890-472F-9244-F6F9D567F49D}.Debug|Any CPU.ActiveCfg = Debug|Any CPU
		{384B061A-6890-472F-9244-F6F9D567F49D}.Debug|Any CPU.Build.0 = Debug|Any CPU
		{384B061A-6890-472F-9244-F6F9D567F49D}.Release|Any CPU.ActiveCfg = Release|Any CPU
		{384B061A-6890-472F-9244-F6F9D567F49D}.Release|Any CPU.Build.0 = Release|Any CPU
		{D92A509F-7584-4E9E-9DC8-1E2B4AED5FF2}.Debug|Any CPU.ActiveCfg = Debug|Any CPU
		{D92A509F-7584-4E9E-9DC8-1E2B4AED5FF2}.Debug|Any CPU.Build.0 = Debug|Any CPU
		{D92A509F-7584-4E9E-9DC8-1E2B4AED5FF2}.Release|Any CPU.ActiveCfg = Release|Any CPU
		{D92A509F-7584-4E9E-9DC8-1E2B4AED5FF2}.Release|Any CPU.Build.0 = Release|Any CPU
	EndGlobalSection
	GlobalSection(SolutionProperties) = preSolution
		HideSolutionNode = FALSE
	EndGlobalSection
EndGlobal
